
Microsoft Visual Studio Solution File, Format Version 12.00
# Visual Studio Version 17
VisualStudioVersion = 17.3.32901.215
MinimumVisualStudioVersion = 10.0.40219.1
Project("{FAE04EC0-301F-11D3-BF4B-00C04F79EFBC}") = "Checkers", "Checkers\Checkers.csproj", "{A1E06E2C-B4F3-4613-B4EE-356BB31B0E3C}"
EndProject
Global
	GlobalSection(SolutionConfigurationPlatforms) = preSolution
		Debug|Any CPU = Debug|Any CPU
		Release|Any CPU = Release|Any CPU
	EndGlobalSection
	GlobalSection(ProjectConfigurationPlatforms) = postSolution
		{A1E06E2C-B4F3-4613-B4EE-356BB31B0E3C}.Debug|Any CPU.ActiveCfg = Debug|Any CPU
		{A1E06E2C-B4F3-4613-B4EE-356BB31B0E3C}.Debug|Any CPU.Build.0 = Debug|Any CPU
		{A1E06E2C-B4F3-4613-B4EE-356BB31B0E3C}.Release|Any CPU.ActiveCfg = Release|Any CPU
		{A1E06E2C-B4F3-4613-B4EE-356BB31B0E3C}.Release|Any CPU.Build.0 = Release|Any CPU
	EndGlobalSection
	GlobalSection(SolutionProperties) = preSolution
		HideSolutionNode = FALSE
	EndGlobalSection
	GlobalSection(ExtensibilityGlobals) = postSolution
		SolutionGuid = {C92FD8AB-F37D-4CE1-BD64-0D32A7F79711}
	EndGlobalSection
EndGlobal
